
Microsoft Visual Studio Solution File, Format Version 12.00
# Visual Studio Version 16
VisualStudioVersion = 16.0.30503.244
MinimumVisualStudioVersion = 10.0.40219.1
Project("{FAE04EC0-301F-11D3-BF4B-00C04F79EFBC}") = "02_Clases", "02_Clases\02_Clases.csproj", "{57A9A35F-7A7A-4B47-9E1B-E2380B5EF21D}"
EndProject
Global
	GlobalSection(SolutionConfigurationPlatforms) = preSolution
		Debug|Any CPU = Debug|Any CPU
		Release|Any CPU = Release|Any CPU
	EndGlobalSection
	GlobalSection(ProjectConfigurationPlatforms) = postSolution
		{57A9A35F-7A7A-4B47-9E1B-E2380B5EF21D}.Debug|Any CPU.ActiveCfg = Debug|Any CPU
		{57A9A35F-7A7A-4B47-9E1B-E2380B5EF21D}.Debug|Any CPU.Build.0 = Debug|Any CPU
		{57A9A35F-7A7A-4B47-9E1B-E2380B5EF21D}.Release|Any CPU.ActiveCfg = Release|Any CPU
		{57A9A35F-7A7A-4B47-9E1B-E2380B5EF21D}.Release|Any CPU.Build.0 = Release|Any CPU
	EndGlobalSection
	GlobalSection(SolutionProperties) = preSolution
		HideSolutionNode = FALSE
	EndGlobalSection
	GlobalSection(ExtensibilityGlobals) = postSolution
		SolutionGuid = {8E2B76AC-3379-49D4-A141-C53616B7FC2A}
	EndGlobalSection
EndGlobal
